{
  "name": "rocksoul-assets-penpot-builder",
  "lockfileVersion": 3,
  "requires": true,
  "packages": {
    "": {
      "name": "rocksoul-assets-penpot-builder",
      "dependencies": {
        "@penpot/library": "1.2.0-RC2"
      },
      "engines": {
        "node": ">=22"
      }
    },
    "node_modules/@penpot/library": {
      "version": "1.2.0-RC2",
      "resolved": "https://registry.npmjs.org/@penpot/library/-/library-1.2.0-RC2.tgz",
      "integrity": "sha512-bd4ZXjo3NrzQL72VvIx/Y+ZYxetk/iy2k04PysCCQMGOOu+DHsAqodbgIjWQWMmdi73mcFho9SKWxTX4EDlybQ==",
      "license": "MPL-2.0"
    }
  }
}
